
Microsoft Visual Studio Solution File, Format Version 12.00
# Visual Studio Version 17
VisualStudioVersion = 17.9.34701.34
MinimumVisualStudioVersion = 10.0.40219.1
Project("{9A19103F-16F7-4668-BE54-9A1E7A4F7556}") = "FinShark", "Project1\FinShark.csproj", "{B60F2D42-4247-4078-81F2-F291D450C1A3}"
EndProject
Global
	GlobalSection(SolutionConfigurationPlatforms) = preSolution
		Debug|Any CPU = Debug|Any CPU
		Release|Any CPU = Release|Any CPU
	EndGlobalSection
	GlobalSection(ProjectConfigurationPlatforms) = postSolution
		{B60F2D42-4247-4078-81F2-F291D450C1A3}.Debug|Any CPU.ActiveCfg = Debug|Any CPU
		{B60F2D42-4247-4078-81F2-F291D450C1A3}.Debug|Any CPU.Build.0 = Debug|Any CPU
		{B60F2D42-4247-4078-81F2-F291D450C1A3}.Release|Any CPU.ActiveCfg = Release|Any CPU
		{B60F2D42-4247-4078-81F2-F291D450C1A3}.Release|Any CPU.Build.0 = Release|Any CPU
	EndGlobalSection
	GlobalSection(SolutionProperties) = preSolution
		HideSolutionNode = FALSE
	EndGlobalSection
	GlobalSection(ExtensibilityGlobals) = postSolution
		SolutionGuid = {B659AE42-131C-4A1E-9968-8AE812BBDBF6}
	EndGlobalSection
EndGlobal
